
Microsoft Visual Studio Solution File, Format Version 12.00
# Visual Studio Version 17
VisualStudioVersion = 17.3.32901.215
MinimumVisualStudioVersion = 10.0.40219.1
Project("{2150E333-8FDC-42A3-9474-1A3956D46DE8}") = "src", "src", "{23F479C4-28F1-4935-A8FD-B6F53DE49D4E}"
EndProject
Project("{2150E333-8FDC-42A3-9474-1A3956D46DE8}") = "tests", "tests", "{3FDD8156-217C-40D5-8A3D-DDFB9ED8AA5C}"
EndProject
Project("{2150E333-8FDC-42A3-9474-1A3956D46DE8}") = "ApiGateways", "ApiGateways", "{6E4F2551-2EB0-49DA-8FE3-CEE3F215DAA7}"
EndProject
Project("{2150E333-8FDC-42A3-9474-1A3956D46DE8}") = "BuildingBlocks", "BuildingBlocks", "{50AADD35-8660-47EA-A0A8-5EA69423B938}"
EndProject
Project("{2150E333-8FDC-42A3-9474-1A3956D46DE8}") = "Services", "Services", "{9D253B50-5023-493D-9AAA-F8DE3DA30EAA}"
EndProject
Project("{2150E333-8FDC-42A3-9474-1A3956D46DE8}") = "Clients", "Clients", "{C06DC713-DE78-44D7-B46B-84FFAD6313EE}"
EndProject
Project("{2150E333-8FDC-42A3-9474-1A3956D46DE8}") = "WebApiGateway", "WebApiGateway", "{6551CEAC-852E-4503-9E58-E51DABDA1C66}"
EndProject
Project("{9A19103F-16F7-4668-BE54-9A1E7A4F7556}") = "Web.ApiGateway", "src\ApiGateways\WebApiGateway\Web.ApiGateway\Web.ApiGateway.csproj", "{7BB00339-D7B7-4376-AE95-8B7D9A81AC85}"
EndProject
Project("{9A19103F-16F7-4668-BE54-9A1E7A4F7556}") = "Devspaces.Support", "src\BuildingBlocks\Devspaces.Support\Devspaces.Support.csproj", "{696A62C8-5871-4B5F-8A69-ED0FAA41B493}"
EndProject
Project("{9A19103F-16F7-4668-BE54-9A1E7A4F7556}") = "EventBus", "src\BuildingBlocks\EventBus\EventBus\EventBus.csproj", "{E1C09252-057B-4639-896E-4B80990D908C}"
EndProject
Project("{9A19103F-16F7-4668-BE54-9A1E7A4F7556}") = "EventBus.Tests", "src\BuildingBlocks\EventBus\EventBus.Tests\EventBus.Tests.csproj", "{F8C611A7-E1FC-442A-A220-4D17029E2B54}"
EndProject
Project("{9A19103F-16F7-4668-BE54-9A1E7A4F7556}") = "EventBusRabbitMQ", "src\BuildingBlocks\EventBus\EventBusRabbitMQ\EventBusRabbitMQ.csproj", "{62D2F09A-562F-43B5-AE32-A854314DD663}"
EndProject
Project("{9A19103F-16F7-4668-BE54-9A1E7A4F7556}") = "EventBusServiceBus", "src\BuildingBlocks\EventBus\EventBusServiceBus\EventBusServiceBus.csproj", "{E4277E27-4E18-471B-BA56-C91121C33AD3}"
EndProject
Project("{9A19103F-16F7-4668-BE54-9A1E7A4F7556}") = "IntegrationEventLogEF", "src\BuildingBlocks\EventBus\IntegrationEventLogEF\IntegrationEventLogEF.csproj", "{31405F9E-EB0E-4446-9594-EB9E52F126E5}"
EndProject
Project("{2150E333-8FDC-42A3-9474-1A3956D46DE8}") = "Devspaces.Support", "Devspaces.Support", "{506BEF76-4BAB-4E69-B404-D323F28F1730}"
EndProject
Project("{2150E333-8FDC-42A3-9474-1A3956D46DE8}") = "EventBus", "EventBus", "{926FA888-2C78-496B-8AB5-DA89E4FD35C5}"
EndProject
Project("{2150E333-8FDC-42A3-9474-1A3956D46DE8}") = "WebHost", "WebHost", "{F6736AE3-37A9-4A4D-A5C8-24E2D929A67F}"
EndProject
Project("{9A19103F-16F7-4668-BE54-9A1E7A4F7556}") = "WebHost.Customization", "src\BuildingBlocks\WebHostCustomization\WebHost.Customization\WebHost.Customization.csproj", "{155D29F2-08F6-454C-8E91-7E6E8742B40A}"
EndProject
Project("{2150E333-8FDC-42A3-9474-1A3956D46DE8}") = "ProductService", "ProductService", "{26B011A3-1417-4557-9A8E-1ABAA197B95B}"
EndProject
Project("{2150E333-8FDC-42A3-9474-1A3956D46DE8}") = "CatalogService", "CatalogService", "{726DEECC-0A5A-49EB-B4F0-8CD1F72E798F}"
EndProject
Project("{2150E333-8FDC-42A3-9474-1A3956D46DE8}") = "IdentityService", "IdentityService", "{760A5135-AB28-4CB7-B9C9-23F160EF999E}"
EndProject
Project("{9A19103F-16F7-4668-BE54-9A1E7A4F7556}") = "CatalogService.Api", "src\Services\CatalogService\CatalogService.Api\CatalogService.Api.csproj", "{CFEC7D75-4406-4799-B39F-11D96C7D1436}"
EndProject
Project("{9A19103F-16F7-4668-BE54-9A1E7A4F7556}") = "IdentityService.Api", "src\Services\IdentityService\IdentityService.Api\IdentityService.Api.csproj", "{AF846819-647B-44E3-8720-0BDB5BA029E3}"
EndProject
Project("{9A19103F-16F7-4668-BE54-9A1E7A4F7556}") = "ProductService.Api", "src\Services\ProductService\ProductService.Api\ProductService.Api.csproj", "{F193F441-B1E4-4318-B9E7-808540DFD11C}"
EndProject
Project("{2150E333-8FDC-42A3-9474-1A3956D46DE8}") = "Services.CorePackages", "Services.CorePackages", "{8ACDC5ED-4E4E-4D6B-9F27-840F33B1EBDE}"
EndProject
Project("{9A19103F-16F7-4668-BE54-9A1E7A4F7556}") = "Core.Application", "src\Services.CorePackages\Core.Application\Core.Application.csproj", "{8807F7D9-5E92-43BB-8BD9-FF6A11735011}"
EndProject
Project("{9A19103F-16F7-4668-BE54-9A1E7A4F7556}") = "Core.CrossCuttingConcerns", "src\Services.CorePackages\Core.CrossCuttingConcerns\Core.CrossCuttingConcerns.csproj", "{7CA96E21-1E4B-4936-A9AD-BBF190A4EF9D}"
EndProject
Project("{9A19103F-16F7-4668-BE54-9A1E7A4F7556}") = "Core.ElasticSearch", "src\Services.CorePackages\Core.ElasticSearch\Core.ElasticSearch.csproj", "{E188BE7F-F204-40DE-9A0D-1F9DC9AFEB16}"
EndProject
Project("{9A19103F-16F7-4668-BE54-9A1E7A4F7556}") = "Core.Mailing", "src\Services.CorePackages\Core.Mailing\Core.Mailing.csproj", "{995DC0B6-630A-4706-8ACE-88F9A9A3A81D}"
EndProject
Project("{9A19103F-16F7-4668-BE54-9A1E7A4F7556}") = "Core.Persistence", "src\Services.CorePackages\Core.Persistence\Core.Persistence.csproj", "{E8C7558F-13DC-47B6-9B3F-F8A193E7318D}"
EndProject
Project("{9A19103F-16F7-4668-BE54-9A1E7A4F7556}") = "Core.Security", "src\Services.CorePackages\Core.Security\Core.Security.csproj", "{B82AF6D8-288E-408C-9063-7573C204E6BD}"
EndProject
Project("{9A19103F-16F7-4668-BE54-9A1E7A4F7556}") = "IdentityService.Application", "src\Services\IdentityService\IdentityService.Application\IdentityService.Application.csproj", "{A15DC16E-2600-47C5-9C61-305DA101DB91}"
EndProject
Project("{9A19103F-16F7-4668-BE54-9A1E7A4F7556}") = "IdentityService.Persistence", "src\Services\IdentityService\IdentityService.Persistence\IdentityService.Persistence.csproj", "{1DFFC0A8-26D1-46BA-9090-71F0A8A9C43C}"
EndProject
Project("{FAE04EC0-301F-11D3-BF4B-00C04F79EFBC}") = "ProductService.Application", "src\Services\ProductService\ProductService.Application\ProductService.Application.csproj", "{5C9B5C42-3BDE-4F60-B829-CFE910C99F93}"
EndProject
Project("{FAE04EC0-301F-11D3-BF4B-00C04F79EFBC}") = "CatalogService.Aplication", "src\Services\CatalogService\CatalogService.Aplication\CatalogService.Aplication.csproj", "{9A99F2E8-F0EC-4F5E-B434-6A261D7E8D18}"
EndProject
Global
	GlobalSection(SolutionConfigurationPlatforms) = preSolution
		Debug|Any CPU = Debug|Any CPU
		Release|Any CPU = Release|Any CPU
	EndGlobalSection
	GlobalSection(ProjectConfigurationPlatforms) = postSolution
		{7BB00339-D7B7-4376-AE95-8B7D9A81AC85}.Debug|Any CPU.ActiveCfg = Debug|Any CPU
		{7BB00339-D7B7-4376-AE95-8B7D9A81AC85}.Debug|Any CPU.Build.0 = Debug|Any CPU
		{7BB00339-D7B7-4376-AE95-8B7D9A81AC85}.Release|Any CPU.ActiveCfg = Release|Any CPU
		{7BB00339-D7B7-4376-AE95-8B7D9A81AC85}.Release|Any CPU.Build.0 = Release|Any CPU
		{696A62C8-5871-4B5F-8A69-ED0FAA41B493}.Debug|Any CPU.ActiveCfg = Debug|Any CPU
		{696A62C8-5871-4B5F-8A69-ED0FAA41B493}.Debug|Any CPU.Build.0 = Debug|Any CPU
		{696A62C8-5871-4B5F-8A69-ED0FAA41B493}.Release|Any CPU.ActiveCfg = Release|Any CPU
		{696A62C8-5871-4B5F-8A69-ED0FAA41B493}.Release|Any CPU.Build.0 = Release|Any CPU
		{E1C09252-057B-4639-896E-4B80990D908C}.Debug|Any CPU.ActiveCfg = Debug|Any CPU
		{E1C09252-057B-4639-896E-4B80990D908C}.Debug|Any CPU.Build.0 = Debug|Any CPU
		{E1C09252-057B-4639-896E-4B80990D908C}.Release|Any CPU.ActiveCfg = Release|Any CPU
		{E1C09252-057B-4639-896E-4B80990D908C}.Release|Any CPU.Build.0 = Release|Any CPU
		{F8C611A7-E1FC-442A-A220-4D17029E2B54}.Debug|Any CPU.ActiveCfg = Debug|Any CPU
		{F8C611A7-E1FC-442A-A220-4D17029E2B54}.Debug|Any CPU.Build.0 = Debug|Any CPU
		{F8C611A7-E1FC-442A-A220-4D17029E2B54}.Release|Any CPU.ActiveCfg = Release|Any CPU
		{F8C611A7-E1FC-442A-A220-4D17029E2B54}.Release|Any CPU.Build.0 = Release|Any CPU
		{62D2F09A-562F-43B5-AE32-A854314DD663}.Debug|Any CPU.ActiveCfg = Debug|Any CPU
		{62D2F09A-562F-43B5-AE32-A854314DD663}.Debug|Any CPU.Build.0 = Debug|Any CPU
		{62D2F09A-562F-43B5-AE32-A854314DD663}.Release|Any CPU.ActiveCfg = Release|Any CPU
		{62D2F09A-562F-43B5-AE32-A854314DD663}.Release|Any CPU.Build.0 = Release|Any CPU
		{E4277E27-4E18-471B-BA56-C91121C33AD3}.Debug|Any CPU.ActiveCfg = Debug|Any CPU
		{E4277E27-4E18-471B-BA56-C91121C33AD3}.Debug|Any CPU.Build.0 = Debug|Any CPU
		{E4277E27-4E18-471B-BA56-C91121C33AD3}.Release|Any CPU.ActiveCfg = Release|Any CPU
		{E4277E27-4E18-471B-BA56-C91121C33AD3}.Release|Any CPU.Build.0 = Release|Any CPU
		{31405F9E-EB0E-4446-9594-EB9E52F126E5}.Debug|Any CPU.ActiveCfg = Debug|Any CPU
		{31405F9E-EB0E-4446-9594-EB9E52F126E5}.Debug|Any CPU.Build.0 = Debug|Any CPU
		{31405F9E-EB0E-4446-9594-EB9E52F126E5}.Release|Any CPU.ActiveCfg = Release|Any CPU
		{31405F9E-EB0E-4446-9594-EB9E52F126E5}.Release|Any CPU.Build.0 = Release|Any CPU
		{155D29F2-08F6-454C-8E91-7E6E8742B40A}.Debug|Any CPU.ActiveCfg = Debug|Any CPU
		{155D29F2-08F6-454C-8E91-7E6E8742B40A}.Debug|Any CPU.Build.0 = Debug|Any CPU
		{155D29F2-08F6-454C-8E91-7E6E8742B40A}.Release|Any CPU.ActiveCfg = Release|Any CPU
		{155D29F2-08F6-454C-8E91-7E6E8742B40A}.Release|Any CPU.Build.0 = Release|Any CPU
		{CFEC7D75-4406-4799-B39F-11D96C7D1436}.Debug|Any CPU.ActiveCfg = Debug|Any CPU
		{CFEC7D75-4406-4799-B39F-11D96C7D1436}.Debug|Any CPU.Build.0 = Debug|Any CPU
		{CFEC7D75-4406-4799-B39F-11D96C7D1436}.Release|Any CPU.ActiveCfg = Release|Any CPU
		{CFEC7D75-4406-4799-B39F-11D96C7D1436}.Release|Any CPU.Build.0 = Release|Any CPU
		{AF846819-647B-44E3-8720-0BDB5BA029E3}.Debug|Any CPU.ActiveCfg = Debug|Any CPU
		{AF846819-647B-44E3-8720-0BDB5BA029E3}.Debug|Any CPU.Build.0 = Debug|Any CPU
		{AF846819-647B-44E3-8720-0BDB5BA029E3}.Release|Any CPU.ActiveCfg = Release|Any CPU
		{AF846819-647B-44E3-8720-0BDB5BA029E3}.Release|Any CPU.Build.0 = Release|Any CPU
		{F193F441-B1E4-4318-B9E7-808540DFD11C}.Debug|Any CPU.ActiveCfg = Debug|Any CPU
		{F193F441-B1E4-4318-B9E7-808540DFD11C}.Debug|Any CPU.Build.0 = Debug|Any CPU
		{F193F441-B1E4-4318-B9E7-808540DFD11C}.Release|Any CPU.ActiveCfg = Release|Any CPU
		{F193F441-B1E4-4318-B9E7-808540DFD11C}.Release|Any CPU.Build.0 = Release|Any CPU
		{8807F7D9-5E92-43BB-8BD9-FF6A11735011}.Debug|Any CPU.ActiveCfg = Debug|Any CPU
		{8807F7D9-5E92-43BB-8BD9-FF6A11735011}.Debug|Any CPU.Build.0 = Debug|Any CPU
		{8807F7D9-5E92-43BB-8BD9-FF6A11735011}.Release|Any CPU.ActiveCfg = Release|Any CPU
		{8807F7D9-5E92-43BB-8BD9-FF6A11735011}.Release|Any CPU.Build.0 = Release|Any CPU
		{7CA96E21-1E4B-4936-A9AD-BBF190A4EF9D}.Debug|Any CPU.ActiveCfg = Debug|Any CPU
		{7CA96E21-1E4B-4936-A9AD-BBF190A4EF9D}.Debug|Any CPU.Build.0 = Debug|Any CPU
		{7CA96E21-1E4B-4936-A9AD-BBF190A4EF9D}.Release|Any CPU.ActiveCfg = Release|Any CPU
		{7CA96E21-1E4B-4936-A9AD-BBF190A4EF9D}.Release|Any CPU.Build.0 = Release|Any CPU
		{E188BE7F-F204-40DE-9A0D-1F9DC9AFEB16}.Debug|Any CPU.ActiveCfg = Debug|Any CPU
		{E188BE7F-F204-40DE-9A0D-1F9DC9AFEB16}.Debug|Any CPU.Build.0 = Debug|Any CPU
		{E188BE7F-F204-40DE-9A0D-1F9DC9AFEB16}.Release|Any CPU.ActiveCfg = Release|Any CPU
		{E188BE7F-F204-40DE-9A0D-1F9DC9AFEB16}.Release|Any CPU.Build.0 = Release|Any CPU
		{995DC0B6-630A-4706-8ACE-88F9A9A3A81D}.Debug|Any CPU.ActiveCfg = Debug|Any CPU
		{995DC0B6-630A-4706-8ACE-88F9A9A3A81D}.Debug|Any CPU.Build.0 = Debug|Any CPU
		{995DC0B6-630A-4706-8ACE-88F9A9A3A81D}.Release|Any CPU.ActiveCfg = Release|Any CPU
		{995DC0B6-630A-4706-8ACE-88F9A9A3A81D}.Release|Any CPU.Build.0 = Release|Any CPU
		{E8C7558F-13DC-47B6-9B3F-F8A193E7318D}.Debug|Any CPU.ActiveCfg = Debug|Any CPU
		{E8C7558F-13DC-47B6-9B3F-F8A193E7318D}.Debug|Any CPU.Build.0 = Debug|Any CPU
		{E8C7558F-13DC-47B6-9B3F-F8A193E7318D}.Release|Any CPU.ActiveCfg = Release|Any CPU
		{E8C7558F-13DC-47B6-9B3F-F8A193E7318D}.Release|Any CPU.Build.0 = Release|Any CPU
		{B82AF6D8-288E-408C-9063-7573C204E6BD}.Debug|Any CPU.ActiveCfg = Debug|Any CPU
		{B82AF6D8-288E-408C-9063-7573C204E6BD}.Debug|Any CPU.Build.0 = Debug|Any CPU
		{B82AF6D8-288E-408C-9063-7573C204E6BD}.Release|Any CPU.ActiveCfg = Release|Any CPU
		{B82AF6D8-288E-408C-9063-7573C204E6BD}.Release|Any CPU.Build.0 = Release|Any CPU
		{A15DC16E-2600-47C5-9C61-305DA101DB91}.Debug|Any CPU.ActiveCfg = Debug|Any CPU
		{A15DC16E-2600-47C5-9C61-305DA101DB91}.Debug|Any CPU.Build.0 = Debug|Any CPU
		{A15DC16E-2600-47C5-9C61-305DA101DB91}.Release|Any CPU.ActiveCfg = Release|Any CPU
		{A15DC16E-2600-47C5-9C61-305DA101DB91}.Release|Any CPU.Build.0 = Release|Any CPU
		{1DFFC0A8-26D1-46BA-9090-71F0A8A9C43C}.Debug|Any CPU.ActiveCfg = Debug|Any CPU
		{1DFFC0A8-26D1-46BA-9090-71F0A8A9C43C}.Debug|Any CPU.Build.0 = Debug|Any CPU
		{1DFFC0A8-26D1-46BA-9090-71F0A8A9C43C}.Release|Any CPU.ActiveCfg = Release|Any CPU
		{1DFFC0A8-26D1-46BA-9090-71F0A8A9C43C}.Release|Any CPU.Build.0 = Release|Any CPU
		{5C9B5C42-3BDE-4F60-B829-CFE910C99F93}.Debug|Any CPU.ActiveCfg = Debug|Any CPU
		{5C9B5C42-3BDE-4F60-B829-CFE910C99F93}.Debug|Any CPU.Build.0 = Debug|Any CPU
		{5C9B5C42-3BDE-4F60-B829-CFE910C99F93}.Release|Any CPU.ActiveCfg = Release|Any CPU
		{5C9B5C42-3BDE-4F60-B829-CFE910C99F93}.Release|Any CPU.Build.0 = Release|Any CPU
		{9A99F2E8-F0EC-4F5E-B434-6A261D7E8D18}.Debug|Any CPU.ActiveCfg = Debug|Any CPU
		{9A99F2E8-F0EC-4F5E-B434-6A261D7E8D18}.Debug|Any CPU.Build.0 = Debug|Any CPU
		{9A99F2E8-F0EC-4F5E-B434-6A261D7E8D18}.Release|Any CPU.ActiveCfg = Release|Any CPU
		{9A99F2E8-F0EC-4F5E-B434-6A261D7E8D18}.Release|Any CPU.Build.0 = Release|Any CPU
	EndGlobalSection
	GlobalSection(SolutionProperties) = preSolution
		HideSolutionNode = FALSE
	EndGlobalSection
	GlobalSection(NestedProjects) = preSolution
		{6E4F2551-2EB0-49DA-8FE3-CEE3F215DAA7} = {23F479C4-28F1-4935-A8FD-B6F53DE49D4E}
		{50AADD35-8660-47EA-A0A8-5EA69423B938} = {23F479C4-28F1-4935-A8FD-B6F53DE49D4E}
		{9D253B50-5023-493D-9AAA-F8DE3DA30EAA} = {23F479C4-28F1-4935-A8FD-B6F53DE49D4E}
		{C06DC713-DE78-44D7-B46B-84FFAD6313EE} = {23F479C4-28F1-4935-A8FD-B6F53DE49D4E}
		{6551CEAC-852E-4503-9E58-E51DABDA1C66} = {6E4F2551-2EB0-49DA-8FE3-CEE3F215DAA7}
		{7BB00339-D7B7-4376-AE95-8B7D9A81AC85} = {6551CEAC-852E-4503-9E58-E51DABDA1C66}
		{696A62C8-5871-4B5F-8A69-ED0FAA41B493} = {506BEF76-4BAB-4E69-B404-D323F28F1730}
		{E1C09252-057B-4639-896E-4B80990D908C} = {926FA888-2C78-496B-8AB5-DA89E4FD35C5}
		{F8C611A7-E1FC-442A-A220-4D17029E2B54} = {926FA888-2C78-496B-8AB5-DA89E4FD35C5}
		{62D2F09A-562F-43B5-AE32-A854314DD663} = {926FA888-2C78-496B-8AB5-DA89E4FD35C5}
		{E4277E27-4E18-471B-BA56-C91121C33AD3} = {926FA888-2C78-496B-8AB5-DA89E4FD35C5}
		{31405F9E-EB0E-4446-9594-EB9E52F126E5} = {926FA888-2C78-496B-8AB5-DA89E4FD35C5}
		{506BEF76-4BAB-4E69-B404-D323F28F1730} = {50AADD35-8660-47EA-A0A8-5EA69423B938}
		{926FA888-2C78-496B-8AB5-DA89E4FD35C5} = {50AADD35-8660-47EA-A0A8-5EA69423B938}
		{F6736AE3-37A9-4A4D-A5C8-24E2D929A67F} = {50AADD35-8660-47EA-A0A8-5EA69423B938}
		{155D29F2-08F6-454C-8E91-7E6E8742B40A} = {F6736AE3-37A9-4A4D-A5C8-24E2D929A67F}
		{26B011A3-1417-4557-9A8E-1ABAA197B95B} = {9D253B50-5023-493D-9AAA-F8DE3DA30EAA}
		{726DEECC-0A5A-49EB-B4F0-8CD1F72E798F} = {9D253B50-5023-493D-9AAA-F8DE3DA30EAA}
		{760A5135-AB28-4CB7-B9C9-23F160EF999E} = {9D253B50-5023-493D-9AAA-F8DE3DA30EAA}
		{CFEC7D75-4406-4799-B39F-11D96C7D1436} = {726DEECC-0A5A-49EB-B4F0-8CD1F72E798F}
		{AF846819-647B-44E3-8720-0BDB5BA029E3} = {760A5135-AB28-4CB7-B9C9-23F160EF999E}
		{F193F441-B1E4-4318-B9E7-808540DFD11C} = {26B011A3-1417-4557-9A8E-1ABAA197B95B}
		{8ACDC5ED-4E4E-4D6B-9F27-840F33B1EBDE} = {23F479C4-28F1-4935-A8FD-B6F53DE49D4E}
		{8807F7D9-5E92-43BB-8BD9-FF6A11735011} = {8ACDC5ED-4E4E-4D6B-9F27-840F33B1EBDE}
		{7CA96E21-1E4B-4936-A9AD-BBF190A4EF9D} = {8ACDC5ED-4E4E-4D6B-9F27-840F33B1EBDE}
		{E188BE7F-F204-40DE-9A0D-1F9DC9AFEB16} = {8ACDC5ED-4E4E-4D6B-9F27-840F33B1EBDE}
		{995DC0B6-630A-4706-8ACE-88F9A9A3A81D} = {8ACDC5ED-4E4E-4D6B-9F27-840F33B1EBDE}
		{E8C7558F-13DC-47B6-9B3F-F8A193E7318D} = {8ACDC5ED-4E4E-4D6B-9F27-840F33B1EBDE}
		{B82AF6D8-288E-408C-9063-7573C204E6BD} = {8ACDC5ED-4E4E-4D6B-9F27-840F33B1EBDE}
		{A15DC16E-2600-47C5-9C61-305DA101DB91} = {760A5135-AB28-4CB7-B9C9-23F160EF999E}
		{1DFFC0A8-26D1-46BA-9090-71F0A8A9C43C} = {760A5135-AB28-4CB7-B9C9-23F160EF999E}
		{5C9B5C42-3BDE-4F60-B829-CFE910C99F93} = {26B011A3-1417-4557-9A8E-1ABAA197B95B}
		{9A99F2E8-F0EC-4F5E-B434-6A261D7E8D18} = {726DEECC-0A5A-49EB-B4F0-8CD1F72E798F}
	EndGlobalSection
	GlobalSection(ExtensibilityGlobals) = postSolution
		SolutionGuid = {68349C37-0EDA-4A6F-88FF-4270307CE0E0}
	EndGlobalSection
EndGlobal
